Microsoft Visual Studio Solution File, Format Version 10.00
# Visual C++ Express 2008
Project("{8BC9CEB8-8B4A-11D0-8D11-00A0C91BC942}") = "Console", "Console\Console.vcproj", "{7A499909-2F0D-49BF-86D8-4AA662AB500A}"
EndProject
Project("{8BC9CEB8-8B4A-11D0-8D11-00A0C91BC942}") = "Dll", "Dll\Dll.vcproj", "{F29A579B-49C8-4AB1-AB90-83B4B64E41C1}"
EndProject
Global
	GlobalSection(SolutionConfigurationPlatforms) = preSolution
		Debug|Win32 = Debug|Win32
		Release|Win32 = Release|Win32
	EndGlobalSection
	GlobalSection(ProjectConfigurationPlatforms) = postSolution
		{7A499909-2F0D-49BF-86D8-4AA662AB500A}.Debug|Win32.ActiveCfg = Debug|Win32
		{7A499909-2F0D-49BF-86D8-4AA662AB500A}.Debug|Win32.Build.0 = Debug|Win32
		{7A499909-2F0D-49BF-86D8-4AA662AB500A}.Release|Win32.ActiveCfg = Release|Win32
		{7A499909-2F0D-49BF-86D8-4AA662AB500A}.Release|Win32.Build.0 = Release|Win32
		{F29A579B-49C8-4AB1-AB90-83B4B64E41C1}.Debug|Win32.ActiveCfg = Debug|Win32
		{F29A579B-49C8-4AB1-AB90-83B4B64E41C1}.Debug|Win32.Build.0 = Debug|Win32
		{F29A579B-49C8-4AB1-AB90-83B4B64E41C1}.Release|Win32.ActiveCfg = Release|Win32
		{F29A579B-49C8-4AB1-AB90-83B4B64E41C1}.Release|Win32.Build.0 = Release|Win32
	EndGlobalSection
	GlobalSection(SolutionProperties) = preSolution
		HideSolutionNode = FALSE
	EndGlobalSection
EndGlobal
